{
    "version": 3,
    "terraform_version": "0.9.3",
    "serial": 30,
    "lineage": "ddc3abc8-b781-4c0c-8aa1-278924cbc13c",
    "modules": [
        {
            "path": [
                "root"
            ],
            "outputs": {
                "bootstrap": {
                    "sensitive": false,
                    "type": "list",
                    "value": [
                        "[] [] []"
                    ]
                },
                "cluster": {
                    "sensitive": false,
                    "type": "list",
                    "value": [
                        "[{Variable (TypeString): ec2-34-253-186-47.eu-west-1.compute.amazonaws.com} {Variable (TypeString): ec2-54-229-173-220.eu-west-1.compute.amazonaws.com}] [{Variable (TypeString): 34.253.186.47} {Variable (TypeString): 54.229.173.220}] [{Variable (TypeString): 10.0.2.216} {Variable (TypeString): 10.0.3.158}]"
                    ]
                },
                "master": {
                    "sensitive": false,
                    "type": "list",
                    "value": [
                        "[] [] []"
                    ]
                }
            },
            "resources": {
                "aws_ebs_volume.ebs_cluster.0": {
                    "type": "aws_ebs_volume",
                    "depends_on": [],
                    "primary": {
                        "id": "vol-06cbca8b258b11e00",
                        "attributes": {
                            "availability_zone": "eu-west-1b",
                            "encrypted": "false",
                            "id": "vol-06cbca8b258b11e00",
                            "size": "40",
                            "snapshot_id": "",
                            "type": "standard"
                        },
                        "meta": {},
                        "tainted": false
                    },
                    "deposed": [],
                    "provider": ""
                },
                "aws_ebs_volume.ebs_cluster.1": {
                    "type": "aws_ebs_volume",
                    "depends_on": [],
                    "primary": {
                        "id": "vol-07317527329281de3",
                        "attributes": {
                            "availability_zone": "eu-west-1c",
                            "encrypted": "false",
                            "id": "vol-07317527329281de3",
                            "size": "40",
                            "snapshot_id": "",
                            "type": "standard"
                        },
                        "meta": {},
                        "tainted": false
                    },
                    "deposed": [],
                    "provider": ""
                },
                "aws_instance.cluster.0": {
                    "type": "aws_instance",
                    "depends_on": [
                        "aws_security_group.sg_cdh",
                        "aws_subnet.public_subnets.*",
                        "data.template_file.cluster_node_init.*"
                    ],
                    "primary": {
                        "id": "i-051cbd1ddae629dea",
                        "attributes": {
                            "ami": "ami-061b1560",
                            "associate_public_ip_address": "true",
                            "availability_zone": "eu-west-1b",
                            "disable_api_termination": "false",
                            "ebs_block_device.#": "0",
                            "ebs_optimized": "false",
                            "ephemeral_block_device.#": "0",
                            "iam_instance_profile": "",
                            "id": "i-051cbd1ddae629dea",
                            "instance_state": "running",
                            "instance_type": "t2.xlarge",
                            "ipv6_address_count": "0",
                            "ipv6_addresses.#": "0",
                            "key_name": "cloudera_training",
                            "monitoring": "false",
                            "network_interface_id": "eni-38581f04",
                            "private_dns": "ip-10-0-2-216.eu-west-1.compute.internal",
                            "private_ip": "10.0.2.216",
                            "public_dns": "ec2-34-253-186-47.eu-west-1.compute.amazonaws.com",
                            "public_ip": "34.253.186.47",
                            "root_block_device.#": "1",
                            "root_block_device.0.delete_on_termination": "true",
                            "root_block_device.0.iops": "0",
                            "root_block_device.0.volume_size": "30",
                            "root_block_device.0.volume_type": "standard",
                            "security_groups.#": "0",
                            "source_dest_check": "true",
                            "subnet_id": "subnet-5dfe4414",
                            "tags.%": "4",
                            "tags.Environment": "cls1",
                            "tags.Name": "hdp1-cls1-node0",
                            "tags.Project": "hdp1",
                            "tags.Tier": "hdp1-cls1-node",
                            "tenancy": "default",
                            "user_data": "3de2e59418e739066bd56a92f0211cdf3acce330",
                            "vpc_security_group_ids.#": "1",
                            "vpc_security_group_ids.2346245662": "sg-6410a21c"
                        },
                        "meta": {
                            "schema_version": "1"
                        },
                        "tainted": false
                    },
                    "deposed": [],
                    "provider": ""
                },
                "aws_instance.cluster.1": {
                    "type": "aws_instance",
                    "depends_on": [
                        "aws_security_group.sg_cdh",
                        "aws_subnet.public_subnets.*",
                        "data.template_file.cluster_node_init.*"
                    ],
                    "primary": {
                        "id": "i-0885b555883c1d0a5",
                        "attributes": {
                            "ami": "ami-061b1560",
                            "associate_public_ip_address": "true",
                            "availability_zone": "eu-west-1c",
                            "disable_api_termination": "false",
                            "ebs_block_device.#": "0",
                            "ebs_optimized": "false",
                            "ephemeral_block_device.#": "0",
                            "iam_instance_profile": "",
                            "id": "i-0885b555883c1d0a5",
                            "instance_state": "running",
                            "instance_type": "t2.xlarge",
                            "ipv6_address_count": "0",
                            "ipv6_addresses.#": "0",
                            "key_name": "cloudera_training",
                            "monitoring": "false",
                            "network_interface_id": "eni-9bf56195",
                            "private_dns": "ip-10-0-3-158.eu-west-1.compute.internal",
                            "private_ip": "10.0.3.158",
                            "public_dns": "ec2-54-229-173-220.eu-west-1.compute.amazonaws.com",
                            "public_ip": "54.229.173.220",
                            "root_block_device.#": "1",
                            "root_block_device.0.delete_on_termination": "true",
                            "root_block_device.0.iops": "0",
                            "root_block_device.0.volume_size": "30",
                            "root_block_device.0.volume_type": "standard",
                            "security_groups.#": "0",
                            "source_dest_check": "true",
                            "subnet_id": "subnet-fb7987a0",
                            "tags.%": "4",
                            "tags.Environment": "cls1",
                            "tags.Name": "hdp1-cls1-node1",
                            "tags.Project": "hdp1",
                            "tags.Tier": "hdp1-cls1-node",
                            "tenancy": "default",
                            "user_data": "41eb56b755ea83fca506e4125ad6a88943e5e5e4",
                            "vpc_security_group_ids.#": "1",
                            "vpc_security_group_ids.2346245662": "sg-6410a21c"
                        },
                        "meta": {
                            "schema_version": "1"
                        },
                        "tainted": false
                    },
                    "deposed": [],
                    "provider": ""
                },
                "aws_internet_gateway.gw": {
                    "type": "aws_internet_gateway",
                    "depends_on": [
                        "aws_vpc.main"
                    ],
                    "primary": {
                        "id": "igw-8dc890e9",
                        "attributes": {
                            "id": "igw-8dc890e9",
                            "tags.%": "3",
                            "tags.Environment": "cls1",
                            "tags.Name": "hdp1  internet gateway",
                            "tags.Project": "hdp1",
                            "vpc_id": "vpc-b577cfd2"
                        },
                        "meta": {},
                        "tainted": false
                    },
                    "deposed": [],
                    "provider": ""
                },
                "aws_route_table.public": {
                    "type": "aws_route_table",
                    "depends_on": [
                        "aws_internet_gateway.gw",
                        "aws_vpc.main"
                    ],
                    "primary": {
                        "id": "rtb-a2f7e9c5",
                        "attributes": {
                            "id": "rtb-a2f7e9c5",
                            "propagating_vgws.#": "0",
                            "route.#": "1",
                            "route.513211743.cidr_block": "0.0.0.0/0",
                            "route.513211743.egress_only_gateway_id": "",
                            "route.513211743.gateway_id": "igw-8dc890e9",
                            "route.513211743.instance_id": "",
                            "route.513211743.ipv6_cidr_block": "",
                            "route.513211743.nat_gateway_id": "",
                            "route.513211743.network_interface_id": "",
                            "route.513211743.vpc_peering_connection_id": "",
                            "tags.%": "3",
                            "tags.Environment": "cls1",
                            "tags.Name": "hdp1 public route table",
                            "tags.Project": "hdp1",
                            "vpc_id": "vpc-b577cfd2"
                        },
                        "meta": {},
                        "tainted": false
                    },
                    "deposed": [],
                    "provider": ""
                },
                "aws_route_table_association.private_hosts.0": {
                    "type": "aws_route_table_association",
                    "depends_on": [
                        "aws_route_table.public",
                        "aws_subnet.private_subnets.*"
                    ],
                    "primary": {
                        "id": "rtbassoc-7a2a281c",
                        "attributes": {
                            "id": "rtbassoc-7a2a281c",
                            "route_table_id": "rtb-a2f7e9c5",
                            "subnet_id": "subnet-eb2c9e8c"
                        },
                        "meta": {},
                        "tainted": false
                    },
                    "deposed": [],
                    "provider": ""
                },
                "aws_route_table_association.private_hosts.1": {
                    "type": "aws_route_table_association",
                    "depends_on": [
                        "aws_route_table.public",
                        "aws_subnet.private_subnets.*"
                    ],
                    "primary": {
                        "id": "rtbassoc-ae292bc8",
                        "attributes": {
                            "id": "rtbassoc-ae292bc8",
                            "route_table_id": "rtb-a2f7e9c5",
                            "subnet_id": "subnet-f0fc46b9"
                        },
                        "meta": {},
                        "tainted": false
                    },
                    "deposed": [],
                    "provider": ""
                },
                "aws_route_table_association.private_hosts.2": {
                    "type": "aws_route_table_association",
                    "depends_on": [
                        "aws_route_table.public",
                        "aws_subnet.private_subnets.*"
                    ],
                    "primary": {
                        "id": "rtbassoc-8b2426ed",
                        "attributes": {
                            "id": "rtbassoc-8b2426ed",
                            "route_table_id": "rtb-a2f7e9c5",
                            "subnet_id": "subnet-a17987fa"
                        },
                        "meta": {},
                        "tainted": false
                    },
                    "deposed": [],
                    "provider": ""
                },
                "aws_route_table_association.public_hosts.0": {
                    "type": "aws_route_table_association",
                    "depends_on": [
                        "aws_route_table.public",
                        "aws_subnet.public_subnets.*"
                    ],
                    "primary": {
                        "id": "rtbassoc-2a25274c",
                        "attributes": {
                            "id": "rtbassoc-2a25274c",
                            "route_table_id": "rtb-a2f7e9c5",
                            "subnet_id": "subnet-5dfe4414"
                        },
                        "meta": {},
                        "tainted": false
                    },
                    "deposed": [],
                    "provider": ""
                },
                "aws_route_table_association.public_hosts.1": {
                    "type": "aws_route_table_association",
                    "depends_on": [
                        "aws_route_table.public",
                        "aws_subnet.public_subnets.*"
                    ],
                    "primary": {
                        "id": "rtbassoc-06292b60",
                        "attributes": {
                            "id": "rtbassoc-06292b60",
                            "route_table_id": "rtb-a2f7e9c5",
                            "subnet_id": "subnet-fb7987a0"
                        },
                        "meta": {},
                        "tainted": false
                    },
                    "deposed": [],
                    "provider": ""
                },
                "aws_route_table_association.public_hosts.2": {
                    "type": "aws_route_table_association",
                    "depends_on": [
                        "aws_route_table.public",
                        "aws_subnet.public_subnets.*"
                    ],
                    "primary": {
                        "id": "rtbassoc-7d2a281b",
                        "attributes": {
                            "id": "rtbassoc-7d2a281b",
                            "route_table_id": "rtb-a2f7e9c5",
                            "subnet_id": "subnet-592e9c3e"
                        },
                        "meta": {},
                        "tainted": false
                    },
                    "deposed": [],
                    "provider": ""
                },
                "aws_security_group.sg_cdh": {
                    "type": "aws_security_group",
                    "depends_on": [
                        "aws_vpc.main"
                    ],
                    "primary": {
                        "id": "sg-6410a21c",
                        "attributes": {
                            "description": "Security group that is needed for the cdh servers",
                            "egress.#": "5",
                            "egress.2214680975.cidr_blocks.#": "1",
                            "egress.2214680975.cidr_blocks.0": "0.0.0.0/0",
                            "egress.2214680975.from_port": "80",
                            "egress.2214680975.ipv6_cidr_blocks.#": "0",
                            "egress.2214680975.prefix_list_ids.#": "0",
                            "egress.2214680975.protocol": "tcp",
                            "egress.2214680975.security_groups.#": "0",
                            "egress.2214680975.self": "false",
                            "egress.2214680975.to_port": "80",
                            "egress.2541437006.cidr_blocks.#": "1",
                            "egress.2541437006.cidr_blocks.0": "0.0.0.0/0",
                            "egress.2541437006.from_port": "22",
                            "egress.2541437006.ipv6_cidr_blocks.#": "0",
                            "egress.2541437006.prefix_list_ids.#": "0",
                            "egress.2541437006.protocol": "tcp",
                            "egress.2541437006.security_groups.#": "0",
                            "egress.2541437006.self": "false",
                            "egress.2541437006.to_port": "22",
                            "egress.2617001939.cidr_blocks.#": "1",
                            "egress.2617001939.cidr_blocks.0": "0.0.0.0/0",
                            "egress.2617001939.from_port": "443",
                            "egress.2617001939.ipv6_cidr_blocks.#": "0",
                            "egress.2617001939.prefix_list_ids.#": "0",
                            "egress.2617001939.protocol": "tcp",
                            "egress.2617001939.security_groups.#": "0",
                            "egress.2617001939.self": "false",
                            "egress.2617001939.to_port": "443",
                            "egress.516175195.cidr_blocks.#": "1",
                            "egress.516175195.cidr_blocks.0": "0.0.0.0/0",
                            "egress.516175195.from_port": "8080",
                            "egress.516175195.ipv6_cidr_blocks.#": "0",
                            "egress.516175195.prefix_list_ids.#": "0",
                            "egress.516175195.protocol": "tcp",
                            "egress.516175195.security_groups.#": "0",
                            "egress.516175195.self": "false",
                            "egress.516175195.to_port": "8080",
                            "egress.753360330.cidr_blocks.#": "0",
                            "egress.753360330.from_port": "0",
                            "egress.753360330.ipv6_cidr_blocks.#": "0",
                            "egress.753360330.prefix_list_ids.#": "0",
                            "egress.753360330.protocol": "-1",
                            "egress.753360330.security_groups.#": "0",
                            "egress.753360330.self": "true",
                            "egress.753360330.to_port": "0",
                            "id": "sg-6410a21c",
                            "ingress.#": "5",
                            "ingress.2236413820.cidr_blocks.#": "1",
                            "ingress.2236413820.cidr_blocks.0": "185.69.145.214/32",
                            "ingress.2236413820.from_port": "443",
                            "ingress.2236413820.ipv6_cidr_blocks.#": "0",
                            "ingress.2236413820.protocol": "tcp",
                            "ingress.2236413820.security_groups.#": "0",
                            "ingress.2236413820.self": "false",
                            "ingress.2236413820.to_port": "443",
                            "ingress.3546379324.cidr_blocks.#": "1",
                            "ingress.3546379324.cidr_blocks.0": "185.69.145.214/32",
                            "ingress.3546379324.from_port": "7180",
                            "ingress.3546379324.ipv6_cidr_blocks.#": "0",
                            "ingress.3546379324.protocol": "tcp",
                            "ingress.3546379324.security_groups.#": "0",
                            "ingress.3546379324.self": "false",
                            "ingress.3546379324.to_port": "7180",
                            "ingress.4014608947.cidr_blocks.#": "1",
                            "ingress.4014608947.cidr_blocks.0": "185.69.145.214/32",
                            "ingress.4014608947.from_port": "8080",
                            "ingress.4014608947.ipv6_cidr_blocks.#": "0",
                            "ingress.4014608947.protocol": "tcp",
                            "ingress.4014608947.security_groups.#": "0",
                            "ingress.4014608947.self": "false",
                            "ingress.4014608947.to_port": "8080",
                            "ingress.753360330.cidr_blocks.#": "0",
                            "ingress.753360330.from_port": "0",
                            "ingress.753360330.ipv6_cidr_blocks.#": "0",
                            "ingress.753360330.protocol": "-1",
                            "ingress.753360330.security_groups.#": "0",
                            "ingress.753360330.self": "true",
                            "ingress.753360330.to_port": "0",
                            "ingress.841720243.cidr_blocks.#": "1",
                            "ingress.841720243.cidr_blocks.0": "185.69.145.214/32",
                            "ingress.841720243.from_port": "22",
                            "ingress.841720243.ipv6_cidr_blocks.#": "0",
                            "ingress.841720243.protocol": "tcp",
                            "ingress.841720243.security_groups.#": "0",
                            "ingress.841720243.self": "false",
                            "ingress.841720243.to_port": "22",
                            "name": "sg_cdh",
                            "owner_id": "412798694853",
                            "tags.%": "3",
                            "tags.Environment": "cls1",
                            "tags.Name": "hdp1-cls1-sg_cdh",
                            "tags.Project": "hdp1",
                            "vpc_id": "vpc-b577cfd2"
                        },
                        "meta": {},
                        "tainted": false
                    },
                    "deposed": [],
                    "provider": ""
                },
                "aws_subnet.private_subnets.0": {
                    "type": "aws_subnet",
                    "depends_on": [
                        "aws_vpc.main"
                    ],
                    "primary": {
                        "id": "subnet-eb2c9e8c",
                        "attributes": {
                            "assign_ipv6_address_on_creation": "false",
                            "availability_zone": "eu-west-1a",
                            "cidr_block": "10.0.5.0/24",
                            "id": "subnet-eb2c9e8c",
                            "map_public_ip_on_launch": "true",
                            "tags.%": "3",
                            "tags.Environment": "cls1",
                            "tags.Name": "private 1",
                            "tags.Project": "hdp1",
                            "vpc_id": "vpc-b577cfd2"
                        },
                        "meta": {},
                        "tainted": false
                    },
                    "deposed": [],
                    "provider": ""
                },
                "aws_subnet.private_subnets.1": {
                    "type": "aws_subnet",
                    "depends_on": [
                        "aws_vpc.main"
                    ],
                    "primary": {
                        "id": "subnet-f0fc46b9",
                        "attributes": {
                            "assign_ipv6_address_on_creation": "false",
                            "availability_zone": "eu-west-1b",
                            "cidr_block": "10.0.6.0/24",
                            "id": "subnet-f0fc46b9",
                            "map_public_ip_on_launch": "true",
                            "tags.%": "3",
                            "tags.Environment": "cls1",
                            "tags.Name": "private 2",
                            "tags.Project": "hdp1",
                            "vpc_id": "vpc-b577cfd2"
                        },
                        "meta": {},
                        "tainted": false
                    },
                    "deposed": [],
                    "provider": ""
                },
                "aws_subnet.private_subnets.2": {
                    "type": "aws_subnet",
                    "depends_on": [
                        "aws_vpc.main"
                    ],
                    "primary": {
                        "id": "subnet-a17987fa",
                        "attributes": {
                            "assign_ipv6_address_on_creation": "false",
                            "availability_zone": "eu-west-1c",
                            "cidr_block": "10.0.4.0/24",
                            "id": "subnet-a17987fa",
                            "map_public_ip_on_launch": "true",
                            "tags.%": "3",
                            "tags.Environment": "cls1",
                            "tags.Name": "private 3",
                            "tags.Project": "hdp1",
                            "vpc_id": "vpc-b577cfd2"
                        },
                        "meta": {},
                        "tainted": false
                    },
                    "deposed": [],
                    "provider": ""
                },
                "aws_subnet.public_subnets.0": {
                    "type": "aws_subnet",
                    "depends_on": [
                        "aws_vpc.main"
                    ],
                    "primary": {
                        "id": "subnet-5dfe4414",
                        "attributes": {
                            "assign_ipv6_address_on_creation": "false",
                            "availability_zone": "eu-west-1b",
                            "cidr_block": "10.0.2.0/24",
                            "id": "subnet-5dfe4414",
                            "map_public_ip_on_launch": "true",
                            "tags.%": "3",
                            "tags.Environment": "cls1",
                            "tags.Name": "public 1",
                            "tags.Project": "hdp1",
                            "vpc_id": "vpc-b577cfd2"
                        },
                        "meta": {},
                        "tainted": false
                    },
                    "deposed": [],
                    "provider": ""
                },
                "aws_subnet.public_subnets.1": {
                    "type": "aws_subnet",
                    "depends_on": [
                        "aws_vpc.main"
                    ],
                    "primary": {
                        "id": "subnet-fb7987a0",
                        "attributes": {
                            "assign_ipv6_address_on_creation": "false",
                            "availability_zone": "eu-west-1c",
                            "cidr_block": "10.0.3.0/24",
                            "id": "subnet-fb7987a0",
                            "map_public_ip_on_launch": "true",
                            "tags.%": "3",
                            "tags.Environment": "cls1",
                            "tags.Name": "public 2",
                            "tags.Project": "hdp1",
                            "vpc_id": "vpc-b577cfd2"
                        },
                        "meta": {},
                        "tainted": false
                    },
                    "deposed": [],
                    "provider": ""
                },
                "aws_subnet.public_subnets.2": {
                    "type": "aws_subnet",
                    "depends_on": [
                        "aws_vpc.main"
                    ],
                    "primary": {
                        "id": "subnet-592e9c3e",
                        "attributes": {
                            "assign_ipv6_address_on_creation": "false",
                            "availability_zone": "eu-west-1a",
                            "cidr_block": "10.0.1.0/24",
                            "id": "subnet-592e9c3e",
                            "map_public_ip_on_launch": "true",
                            "tags.%": "3",
                            "tags.Environment": "cls1",
                            "tags.Name": "public 3",
                            "tags.Project": "hdp1",
                            "vpc_id": "vpc-b577cfd2"
                        },
                        "meta": {},
                        "tainted": false
                    },
                    "deposed": [],
                    "provider": ""
                },
                "aws_volume_attachment.ebs_att.0": {
                    "type": "aws_volume_attachment",
                    "depends_on": [
                        "aws_ebs_volume.ebs_cluster.*",
                        "aws_instance.cluster.*"
                    ],
                    "primary": {
                        "id": "vai-2328663469",
                        "attributes": {
                            "device_name": "/dev/sdh",
                            "id": "vai-2328663469",
                            "instance_id": "i-051cbd1ddae629dea",
                            "volume_id": "vol-06cbca8b258b11e00"
                        },
                        "meta": {},
                        "tainted": false
                    },
                    "deposed": [],
                    "provider": ""
                },
                "aws_volume_attachment.ebs_att.1": {
                    "type": "aws_volume_attachment",
                    "depends_on": [
                        "aws_ebs_volume.ebs_cluster.*",
                        "aws_instance.cluster.*"
                    ],
                    "primary": {
                        "id": "vai-3457120430",
                        "attributes": {
                            "device_name": "/dev/sdh",
                            "id": "vai-3457120430",
                            "instance_id": "i-0885b555883c1d0a5",
                            "volume_id": "vol-07317527329281de3"
                        },
                        "meta": {},
                        "tainted": false
                    },
                    "deposed": [],
                    "provider": ""
                },
                "aws_vpc.main": {
                    "type": "aws_vpc",
                    "depends_on": [],
                    "primary": {
                        "id": "vpc-b577cfd2",
                        "attributes": {
                            "assign_generated_ipv6_cidr_block": "false",
                            "cidr_block": "10.0.0.0/16",
                            "default_network_acl_id": "acl-53feb434",
                            "default_route_table_id": "rtb-66f8e601",
                            "default_security_group_id": "sg-512e9c29",
                            "dhcp_options_id": "dopt-27e90e42",
                            "enable_classiclink": "false",
                            "enable_dns_hostnames": "true",
                            "enable_dns_support": "true",
                            "id": "vpc-b577cfd2",
                            "instance_tenancy": "default",
                            "main_route_table_id": "rtb-66f8e601",
                            "tags.%": "3",
                            "tags.Environment": "cls1",
                            "tags.Name": "hdp1 VPC",
                            "tags.Project": "hdp1"
                        },
                        "meta": {
                            "schema_version": "1"
                        },
                        "tainted": false
                    },
                    "deposed": [],
                    "provider": ""
                },
                "data.template_file.cluster_node_init.0": {
                    "type": "template_file",
                    "depends_on": [],
                    "primary": {
                        "id": "c4cdc686ee4414d98222d3f22c215a7a4073397a0846f327be0d07525d4e06f3",
                        "attributes": {
                            "id": "c4cdc686ee4414d98222d3f22c215a7a4073397a0846f327be0d07525d4e06f3",
                            "rendered": "#cloud-config\nhostname: 'hdp1-cls1-node0' # Substituted by Terraform\nmanage_etc_hosts: true\n\nruncmd:\n    - '\\sed -i \"/HOSTNAME/s/=\\(.*\\)/=hdp1-cls1-node0/\" /etc/sysconfig/network'\n    - [init, '6']\n",
                            "template": "#cloud-config\nhostname: '${tf_hostname}' # Substituted by Terraform\nmanage_etc_hosts: true\n\nruncmd:\n    - '\\sed -i \"/HOSTNAME/s/=\\(.*\\)/=${tf_hostname}/\" /etc/sysconfig/network'\n    - [init, '6']\n",
                            "vars.%": "1",
                            "vars.tf_hostname": "hdp1-cls1-node0"
                        },
                        "meta": {},
                        "tainted": false
                    },
                    "deposed": [],
                    "provider": ""
                },
                "data.template_file.cluster_node_init.1": {
                    "type": "template_file",
                    "depends_on": [],
                    "primary": {
                        "id": "c0fe681b8f9102d8e9a221d32263af7aa8721638c923de28aa70bd1e8e31e508",
                        "attributes": {
                            "id": "c0fe681b8f9102d8e9a221d32263af7aa8721638c923de28aa70bd1e8e31e508",
                            "rendered": "#cloud-config\nhostname: 'hdp1-cls1-node1' # Substituted by Terraform\nmanage_etc_hosts: true\n\nruncmd:\n    - '\\sed -i \"/HOSTNAME/s/=\\(.*\\)/=hdp1-cls1-node1/\" /etc/sysconfig/network'\n    - [init, '6']\n",
                            "template": "#cloud-config\nhostname: '${tf_hostname}' # Substituted by Terraform\nmanage_etc_hosts: true\n\nruncmd:\n    - '\\sed -i \"/HOSTNAME/s/=\\(.*\\)/=${tf_hostname}/\" /etc/sysconfig/network'\n    - [init, '6']\n",
                            "vars.%": "1",
                            "vars.tf_hostname": "hdp1-cls1-node1"
                        },
                        "meta": {},
                        "tainted": false
                    },
                    "deposed": [],
                    "provider": ""
                }
            },
            "depends_on": []
        }
    ]
}
