{
    "version": 3,
    "terraform_version": "0.9.3",
    "serial": 5,
    "lineage": "2229017c-545f-41cc-9991-52c920facf0d",
    "modules": [
        {
            "path": [
                "root"
            ],
            "outputs": {
                "bootstrap": {
                    "sensitive": false,
                    "type": "list",
                    "value": [
                        "[{Variable (TypeString): ec2-176-34-159-39.eu-west-1.compute.amazonaws.com}] [{Variable (TypeString): 176.34.159.39}] [{Variable (TypeString): 10.0.3.32}]"
                    ]
                },
                "cluster": {
                    "sensitive": false,
                    "type": "list",
                    "value": [
                        "[{Variable (TypeString): ec2-176-34-152-44.eu-west-1.compute.amazonaws.com} {Variable (TypeString): ec2-176-34-143-171.eu-west-1.compute.amazonaws.com} {Variable (TypeString): ec2-54-194-224-213.eu-west-1.compute.amazonaws.com} {Variable (TypeString): ec2-54-194-206-38.eu-west-1.compute.amazonaws.com}] [{Variable (TypeString): 176.34.152.44} {Variable (TypeString): 176.34.143.171} {Variable (TypeString): 54.194.224.213} {Variable (TypeString): 54.194.206.38}] [{Variable (TypeString): 10.0.3.90} {Variable (TypeString): 10.0.1.251} {Variable (TypeString): 10.0.2.54} {Variable (TypeString): 10.0.3.246}]"
                    ]
                },
                "master": {
                    "sensitive": false,
                    "type": "list",
                    "value": [
                        "[{Variable (TypeString): ec2-54-154-111-235.eu-west-1.compute.amazonaws.com}] [{Variable (TypeString): 54.154.111.235}] [{Variable (TypeString): 10.0.3.47}]"
                    ]
                }
            },
            "resources": {
                "aws_instance.bootstrap_node": {
                    "type": "aws_instance",
                    "depends_on": [
                        "aws_security_group.sg_cdh",
                        "aws_subnet.public_subnets.*",
                        "data.template_file.bootstrap_node_init.*"
                    ],
                    "primary": {
                        "id": "i-0e248d42fed2d9f4e",
                        "attributes": {
                            "ami": "ami-061b1560",
                            "associate_public_ip_address": "true",
                            "availability_zone": "eu-west-1c",
                            "disable_api_termination": "false",
                            "ebs_block_device.#": "0",
                            "ebs_optimized": "false",
                            "ephemeral_block_device.#": "0",
                            "iam_instance_profile": "",
                            "id": "i-0e248d42fed2d9f4e",
                            "instance_state": "running",
                            "instance_type": "t2.medium",
                            "ipv6_address_count": "0",
                            "ipv6_addresses.#": "0",
                            "key_name": "cloudera_training",
                            "monitoring": "false",
                            "network_interface_id": "eni-61f0406e",
                            "private_dns": "ip-10-0-3-32.eu-west-1.compute.internal",
                            "private_ip": "10.0.3.32",
                            "public_dns": "ec2-176-34-159-39.eu-west-1.compute.amazonaws.com",
                            "public_ip": "176.34.159.39",
                            "root_block_device.#": "1",
                            "root_block_device.0.delete_on_termination": "false",
                            "root_block_device.0.iops": "0",
                            "root_block_device.0.volume_size": "8",
                            "root_block_device.0.volume_type": "standard",
                            "security_groups.#": "0",
                            "source_dest_check": "true",
                            "subnet_id": "subnet-fd332ca5",
                            "tags.%": "4",
                            "tags.Environment": "cls1",
                            "tags.Name": "hdp1-cls1-bootstrap",
                            "tags.Project": "hdp1",
                            "tags.Tier": "hdp1-cls1-bootstrap",
                            "tenancy": "default",
                            "user_data": "3b1d2628b29e369be8503b90aa6f1dff488601b4",
                            "vpc_security_group_ids.#": "1",
                            "vpc_security_group_ids.1831079024": "sg-e0dcc099"
                        },
                        "meta": {
                            "schema_version": "1"
                        },
                        "tainted": false
                    },
                    "deposed": [],
                    "provider": ""
                },
                "aws_instance.cluster.0": {
                    "type": "aws_instance",
                    "depends_on": [
                        "aws_security_group.sg_cdh",
                        "aws_subnet.public_subnets.*",
                        "data.template_file.cluster_node_init.*"
                    ],
                    "primary": {
                        "id": "i-050b497d23083bd5b",
                        "attributes": {
                            "ami": "ami-061b1560",
                            "associate_public_ip_address": "true",
                            "availability_zone": "eu-west-1c",
                            "disable_api_termination": "false",
                            "ebs_block_device.#": "0",
                            "ebs_optimized": "false",
                            "ephemeral_block_device.#": "0",
                            "iam_instance_profile": "",
                            "id": "i-050b497d23083bd5b",
                            "instance_state": "running",
                            "instance_type": "t2.medium",
                            "ipv6_address_count": "0",
                            "ipv6_addresses.#": "0",
                            "key_name": "cloudera_training",
                            "monitoring": "false",
                            "network_interface_id": "eni-17f04018",
                            "private_dns": "ip-10-0-3-90.eu-west-1.compute.internal",
                            "private_ip": "10.0.3.90",
                            "public_dns": "ec2-176-34-152-44.eu-west-1.compute.amazonaws.com",
                            "public_ip": "176.34.152.44",
                            "root_block_device.#": "1",
                            "root_block_device.0.delete_on_termination": "false",
                            "root_block_device.0.iops": "0",
                            "root_block_device.0.volume_size": "8",
                            "root_block_device.0.volume_type": "standard",
                            "security_groups.#": "0",
                            "source_dest_check": "true",
                            "subnet_id": "subnet-fd332ca5",
                            "tags.%": "4",
                            "tags.Environment": "cls1",
                            "tags.Name": "hdp1-cls1-node0",
                            "tags.Project": "hdp1",
                            "tags.Tier": "hdp1-cls1-node",
                            "tenancy": "default",
                            "user_data": "3de2e59418e739066bd56a92f0211cdf3acce330",
                            "vpc_security_group_ids.#": "1",
                            "vpc_security_group_ids.1831079024": "sg-e0dcc099"
                        },
                        "meta": {
                            "schema_version": "1"
                        },
                        "tainted": false
                    },
                    "deposed": [],
                    "provider": ""
                },
                "aws_instance.cluster.1": {
                    "type": "aws_instance",
                    "depends_on": [
                        "aws_security_group.sg_cdh",
                        "aws_subnet.public_subnets.*",
                        "data.template_file.cluster_node_init.*"
                    ],
                    "primary": {
                        "id": "i-0c19dc454c1dc7774",
                        "attributes": {
                            "ami": "ami-061b1560",
                            "associate_public_ip_address": "true",
                            "availability_zone": "eu-west-1a",
                            "disable_api_termination": "false",
                            "ebs_block_device.#": "0",
                            "ebs_optimized": "false",
                            "ephemeral_block_device.#": "0",
                            "iam_instance_profile": "",
                            "id": "i-0c19dc454c1dc7774",
                            "instance_state": "running",
                            "instance_type": "t2.medium",
                            "ipv6_address_count": "0",
                            "ipv6_addresses.#": "0",
                            "key_name": "cloudera_training",
                            "monitoring": "false",
                            "network_interface_id": "eni-9c6c12b7",
                            "private_dns": "ip-10-0-1-251.eu-west-1.compute.internal",
                            "private_ip": "10.0.1.251",
                            "public_dns": "ec2-176-34-143-171.eu-west-1.compute.amazonaws.com",
                            "public_ip": "176.34.143.171",
                            "root_block_device.#": "1",
                            "root_block_device.0.delete_on_termination": "false",
                            "root_block_device.0.iops": "0",
                            "root_block_device.0.volume_size": "8",
                            "root_block_device.0.volume_type": "standard",
                            "security_groups.#": "0",
                            "source_dest_check": "true",
                            "subnet_id": "subnet-b3aa79d4",
                            "tags.%": "4",
                            "tags.Environment": "cls1",
                            "tags.Name": "hdp1-cls1-node1",
                            "tags.Project": "hdp1",
                            "tags.Tier": "hdp1-cls1-node",
                            "tenancy": "default",
                            "user_data": "41eb56b755ea83fca506e4125ad6a88943e5e5e4",
                            "vpc_security_group_ids.#": "1",
                            "vpc_security_group_ids.1831079024": "sg-e0dcc099"
                        },
                        "meta": {
                            "schema_version": "1"
                        },
                        "tainted": false
                    },
                    "deposed": [],
                    "provider": ""
                },
                "aws_instance.cluster.2": {
                    "type": "aws_instance",
                    "depends_on": [
                        "aws_security_group.sg_cdh",
                        "aws_subnet.public_subnets.*",
                        "data.template_file.cluster_node_init.*"
                    ],
                    "primary": {
                        "id": "i-096f94841cb0fa2a0",
                        "attributes": {
                            "ami": "ami-061b1560",
                            "associate_public_ip_address": "true",
                            "availability_zone": "eu-west-1b",
                            "disable_api_termination": "false",
                            "ebs_block_device.#": "0",
                            "ebs_optimized": "false",
                            "ephemeral_block_device.#": "0",
                            "iam_instance_profile": "",
                            "id": "i-096f94841cb0fa2a0",
                            "instance_state": "running",
                            "instance_type": "t2.medium",
                            "ipv6_address_count": "0",
                            "ipv6_addresses.#": "0",
                            "key_name": "cloudera_training",
                            "monitoring": "false",
                            "network_interface_id": "eni-aa492c97",
                            "private_dns": "ip-10-0-2-54.eu-west-1.compute.internal",
                            "private_ip": "10.0.2.54",
                            "public_dns": "ec2-54-194-224-213.eu-west-1.compute.amazonaws.com",
                            "public_ip": "54.194.224.213",
                            "root_block_device.#": "1",
                            "root_block_device.0.delete_on_termination": "false",
                            "root_block_device.0.iops": "0",
                            "root_block_device.0.volume_size": "8",
                            "root_block_device.0.volume_type": "standard",
                            "security_groups.#": "0",
                            "source_dest_check": "true",
                            "subnet_id": "subnet-837aa4ca",
                            "tags.%": "4",
                            "tags.Environment": "cls1",
                            "tags.Name": "hdp1-cls1-node2",
                            "tags.Project": "hdp1",
                            "tags.Tier": "hdp1-cls1-node",
                            "tenancy": "default",
                            "user_data": "a81fd51fd6a216322f7a58fa06002a0f8d8ee1c6",
                            "vpc_security_group_ids.#": "1",
                            "vpc_security_group_ids.1831079024": "sg-e0dcc099"
                        },
                        "meta": {
                            "schema_version": "1"
                        },
                        "tainted": false
                    },
                    "deposed": [],
                    "provider": ""
                },
                "aws_instance.cluster.3": {
                    "type": "aws_instance",
                    "depends_on": [
                        "aws_security_group.sg_cdh",
                        "aws_subnet.public_subnets.*",
                        "data.template_file.cluster_node_init.*"
                    ],
                    "primary": {
                        "id": "i-0c2279ca8ce038e29",
                        "attributes": {
                            "ami": "ami-061b1560",
                            "associate_public_ip_address": "true",
                            "availability_zone": "eu-west-1c",
                            "disable_api_termination": "false",
                            "ebs_block_device.#": "0",
                            "ebs_optimized": "false",
                            "ephemeral_block_device.#": "0",
                            "iam_instance_profile": "",
                            "id": "i-0c2279ca8ce038e29",
                            "instance_state": "running",
                            "instance_type": "t2.medium",
                            "ipv6_address_count": "0",
                            "ipv6_addresses.#": "0",
                            "key_name": "cloudera_training",
                            "monitoring": "false",
                            "network_interface_id": "eni-07f24208",
                            "private_dns": "ip-10-0-3-246.eu-west-1.compute.internal",
                            "private_ip": "10.0.3.246",
                            "public_dns": "ec2-54-194-206-38.eu-west-1.compute.amazonaws.com",
                            "public_ip": "54.194.206.38",
                            "root_block_device.#": "1",
                            "root_block_device.0.delete_on_termination": "false",
                            "root_block_device.0.iops": "0",
                            "root_block_device.0.volume_size": "8",
                            "root_block_device.0.volume_type": "standard",
                            "security_groups.#": "0",
                            "source_dest_check": "true",
                            "subnet_id": "subnet-fd332ca5",
                            "tags.%": "4",
                            "tags.Environment": "cls1",
                            "tags.Name": "hdp1-cls1-node3",
                            "tags.Project": "hdp1",
                            "tags.Tier": "hdp1-cls1-node",
                            "tenancy": "default",
                            "user_data": "bf9a8c74ea6c799c26e940160d3f3c25b19405d2",
                            "vpc_security_group_ids.#": "1",
                            "vpc_security_group_ids.1831079024": "sg-e0dcc099"
                        },
                        "meta": {
                            "schema_version": "1"
                        },
                        "tainted": false
                    },
                    "deposed": [],
                    "provider": ""
                },
                "aws_instance.master": {
                    "type": "aws_instance",
                    "depends_on": [
                        "aws_security_group.sg_cdh",
                        "aws_subnet.public_subnets.*",
                        "data.template_file.master_node_init.*"
                    ],
                    "primary": {
                        "id": "i-08a29dd390cb1c3b8",
                        "attributes": {
                            "ami": "ami-061b1560",
                            "associate_public_ip_address": "true",
                            "availability_zone": "eu-west-1c",
                            "disable_api_termination": "false",
                            "ebs_block_device.#": "0",
                            "ebs_optimized": "false",
                            "ephemeral_block_device.#": "0",
                            "iam_instance_profile": "",
                            "id": "i-08a29dd390cb1c3b8",
                            "instance_state": "running",
                            "instance_type": "t2.medium",
                            "ipv6_address_count": "0",
                            "ipv6_addresses.#": "0",
                            "key_name": "cloudera_training",
                            "monitoring": "false",
                            "network_interface_id": "eni-60f0406f",
                            "private_dns": "ip-10-0-3-47.eu-west-1.compute.internal",
                            "private_ip": "10.0.3.47",
                            "public_dns": "ec2-54-154-111-235.eu-west-1.compute.amazonaws.com",
                            "public_ip": "54.154.111.235",
                            "root_block_device.#": "1",
                            "root_block_device.0.delete_on_termination": "false",
                            "root_block_device.0.iops": "0",
                            "root_block_device.0.volume_size": "8",
                            "root_block_device.0.volume_type": "standard",
                            "security_groups.#": "0",
                            "source_dest_check": "true",
                            "subnet_id": "subnet-fd332ca5",
                            "tags.%": "4",
                            "tags.Environment": "cls1",
                            "tags.Name": "hdp1-cls1-master0",
                            "tags.Project": "hdp1",
                            "tags.Tier": "hdp1-cls1-master",
                            "tenancy": "default",
                            "user_data": "51c62871bdbd80298e8657050bc007fb1065ddf6",
                            "vpc_security_group_ids.#": "1",
                            "vpc_security_group_ids.1831079024": "sg-e0dcc099"
                        },
                        "meta": {
                            "schema_version": "1"
                        },
                        "tainted": false
                    },
                    "deposed": [],
                    "provider": ""
                },
                "aws_internet_gateway.gw": {
                    "type": "aws_internet_gateway",
                    "depends_on": [
                        "aws_vpc.main"
                    ],
                    "primary": {
                        "id": "igw-3af48c5e",
                        "attributes": {
                            "id": "igw-3af48c5e",
                            "tags.%": "3",
                            "tags.Environment": "cls1",
                            "tags.Name": "hdp1  internet gateway",
                            "tags.Project": "hdp1",
                            "vpc_id": "vpc-50479a37"
                        },
                        "meta": {},
                        "tainted": false
                    },
                    "deposed": [],
                    "provider": ""
                },
                "aws_route_table.public": {
                    "type": "aws_route_table",
                    "depends_on": [
                        "aws_internet_gateway.gw",
                        "aws_vpc.main"
                    ],
                    "primary": {
                        "id": "rtb-257e5642",
                        "attributes": {
                            "id": "rtb-257e5642",
                            "propagating_vgws.#": "0",
                            "route.#": "1",
                            "route.3413571326.cidr_block": "0.0.0.0/0",
                            "route.3413571326.egress_only_gateway_id": "",
                            "route.3413571326.gateway_id": "igw-3af48c5e",
                            "route.3413571326.instance_id": "",
                            "route.3413571326.ipv6_cidr_block": "",
                            "route.3413571326.nat_gateway_id": "",
                            "route.3413571326.network_interface_id": "",
                            "route.3413571326.vpc_peering_connection_id": "",
                            "tags.%": "3",
                            "tags.Environment": "cls1",
                            "tags.Name": "hdp1 public route table",
                            "tags.Project": "hdp1",
                            "vpc_id": "vpc-50479a37"
                        },
                        "meta": {},
                        "tainted": false
                    },
                    "deposed": [],
                    "provider": ""
                },
                "aws_route_table_association.private_hosts.0": {
                    "type": "aws_route_table_association",
                    "depends_on": [
                        "aws_route_table.public",
                        "aws_subnet.private_subnets.*"
                    ],
                    "primary": {
                        "id": "rtbassoc-d97630bf",
                        "attributes": {
                            "id": "rtbassoc-d97630bf",
                            "route_table_id": "rtb-257e5642",
                            "subnet_id": "subnet-5776a81e"
                        },
                        "meta": {},
                        "tainted": false
                    },
                    "deposed": [],
                    "provider": ""
                },
                "aws_route_table_association.private_hosts.1": {
                    "type": "aws_route_table_association",
                    "depends_on": [
                        "aws_route_table.public",
                        "aws_subnet.private_subnets.*"
                    ],
                    "primary": {
                        "id": "rtbassoc-44773122",
                        "attributes": {
                            "id": "rtbassoc-44773122",
                            "route_table_id": "rtb-257e5642",
                            "subnet_id": "subnet-d1342b89"
                        },
                        "meta": {},
                        "tainted": false
                    },
                    "deposed": [],
                    "provider": ""
                },
                "aws_route_table_association.private_hosts.2": {
                    "type": "aws_route_table_association",
                    "depends_on": [
                        "aws_route_table.public",
                        "aws_subnet.private_subnets.*"
                    ],
                    "primary": {
                        "id": "rtbassoc-a76b2dc1",
                        "attributes": {
                            "id": "rtbassoc-a76b2dc1",
                            "route_table_id": "rtb-257e5642",
                            "subnet_id": "subnet-aaa073cd"
                        },
                        "meta": {},
                        "tainted": false
                    },
                    "deposed": [],
                    "provider": ""
                },
                "aws_route_table_association.public_hosts.0": {
                    "type": "aws_route_table_association",
                    "depends_on": [
                        "aws_route_table.public",
                        "aws_subnet.public_subnets.*"
                    ],
                    "primary": {
                        "id": "rtbassoc-99692fff",
                        "attributes": {
                            "id": "rtbassoc-99692fff",
                            "route_table_id": "rtb-257e5642",
                            "subnet_id": "subnet-837aa4ca"
                        },
                        "meta": {},
                        "tainted": false
                    },
                    "deposed": [],
                    "provider": ""
                },
                "aws_route_table_association.public_hosts.1": {
                    "type": "aws_route_table_association",
                    "depends_on": [
                        "aws_route_table.public",
                        "aws_subnet.public_subnets.*"
                    ],
                    "primary": {
                        "id": "rtbassoc-616b2d07",
                        "attributes": {
                            "id": "rtbassoc-616b2d07",
                            "route_table_id": "rtb-257e5642",
                            "subnet_id": "subnet-fd332ca5"
                        },
                        "meta": {},
                        "tainted": false
                    },
                    "deposed": [],
                    "provider": ""
                },
                "aws_route_table_association.public_hosts.2": {
                    "type": "aws_route_table_association",
                    "depends_on": [
                        "aws_route_table.public",
                        "aws_subnet.public_subnets.*"
                    ],
                    "primary": {
                        "id": "rtbassoc-8a7731ec",
                        "attributes": {
                            "id": "rtbassoc-8a7731ec",
                            "route_table_id": "rtb-257e5642",
                            "subnet_id": "subnet-b3aa79d4"
                        },
                        "meta": {},
                        "tainted": false
                    },
                    "deposed": [],
                    "provider": ""
                },
                "aws_security_group.sg_cdh": {
                    "type": "aws_security_group",
                    "depends_on": [
                        "aws_vpc.main"
                    ],
                    "primary": {
                        "id": "sg-e0dcc099",
                        "attributes": {
                            "description": "Security group that is needed for the cdh servers",
                            "egress.#": "4",
                            "egress.2214680975.cidr_blocks.#": "1",
                            "egress.2214680975.cidr_blocks.0": "0.0.0.0/0",
                            "egress.2214680975.from_port": "80",
                            "egress.2214680975.ipv6_cidr_blocks.#": "0",
                            "egress.2214680975.prefix_list_ids.#": "0",
                            "egress.2214680975.protocol": "tcp",
                            "egress.2214680975.security_groups.#": "0",
                            "egress.2214680975.self": "false",
                            "egress.2214680975.to_port": "80",
                            "egress.2541437006.cidr_blocks.#": "1",
                            "egress.2541437006.cidr_blocks.0": "0.0.0.0/0",
                            "egress.2541437006.from_port": "22",
                            "egress.2541437006.ipv6_cidr_blocks.#": "0",
                            "egress.2541437006.prefix_list_ids.#": "0",
                            "egress.2541437006.protocol": "tcp",
                            "egress.2541437006.security_groups.#": "0",
                            "egress.2541437006.self": "false",
                            "egress.2541437006.to_port": "22",
                            "egress.2617001939.cidr_blocks.#": "1",
                            "egress.2617001939.cidr_blocks.0": "0.0.0.0/0",
                            "egress.2617001939.from_port": "443",
                            "egress.2617001939.ipv6_cidr_blocks.#": "0",
                            "egress.2617001939.prefix_list_ids.#": "0",
                            "egress.2617001939.protocol": "tcp",
                            "egress.2617001939.security_groups.#": "0",
                            "egress.2617001939.self": "false",
                            "egress.2617001939.to_port": "443",
                            "egress.753360330.cidr_blocks.#": "0",
                            "egress.753360330.from_port": "0",
                            "egress.753360330.ipv6_cidr_blocks.#": "0",
                            "egress.753360330.prefix_list_ids.#": "0",
                            "egress.753360330.protocol": "-1",
                            "egress.753360330.security_groups.#": "0",
                            "egress.753360330.self": "true",
                            "egress.753360330.to_port": "0",
                            "id": "sg-e0dcc099",
                            "ingress.#": "4",
                            "ingress.1914677219.cidr_blocks.#": "1",
                            "ingress.1914677219.cidr_blocks.0": "85.255.235.215/32",
                            "ingress.1914677219.from_port": "443",
                            "ingress.1914677219.ipv6_cidr_blocks.#": "0",
                            "ingress.1914677219.protocol": "tcp",
                            "ingress.1914677219.security_groups.#": "0",
                            "ingress.1914677219.self": "false",
                            "ingress.1914677219.to_port": "443",
                            "ingress.3313037612.cidr_blocks.#": "1",
                            "ingress.3313037612.cidr_blocks.0": "85.255.235.215/32",
                            "ingress.3313037612.from_port": "22",
                            "ingress.3313037612.ipv6_cidr_blocks.#": "0",
                            "ingress.3313037612.protocol": "tcp",
                            "ingress.3313037612.security_groups.#": "0",
                            "ingress.3313037612.self": "false",
                            "ingress.3313037612.to_port": "22",
                            "ingress.607265955.cidr_blocks.#": "1",
                            "ingress.607265955.cidr_blocks.0": "85.255.235.215/32",
                            "ingress.607265955.from_port": "7180",
                            "ingress.607265955.ipv6_cidr_blocks.#": "0",
                            "ingress.607265955.protocol": "tcp",
                            "ingress.607265955.security_groups.#": "0",
                            "ingress.607265955.self": "false",
                            "ingress.607265955.to_port": "7180",
                            "ingress.753360330.cidr_blocks.#": "0",
                            "ingress.753360330.from_port": "0",
                            "ingress.753360330.ipv6_cidr_blocks.#": "0",
                            "ingress.753360330.protocol": "-1",
                            "ingress.753360330.security_groups.#": "0",
                            "ingress.753360330.self": "true",
                            "ingress.753360330.to_port": "0",
                            "name": "sg_cdh",
                            "owner_id": "412798694853",
                            "tags.%": "3",
                            "tags.Environment": "cls1",
                            "tags.Name": "hdp1-cls1-sg_cdh",
                            "tags.Project": "hdp1",
                            "vpc_id": "vpc-50479a37"
                        },
                        "meta": {},
                        "tainted": false
                    },
                    "deposed": [],
                    "provider": ""
                },
                "aws_subnet.private_subnets.0": {
                    "type": "aws_subnet",
                    "depends_on": [
                        "aws_vpc.main"
                    ],
                    "primary": {
                        "id": "subnet-5776a81e",
                        "attributes": {
                            "assign_ipv6_address_on_creation": "false",
                            "availability_zone": "eu-west-1b",
                            "cidr_block": "10.0.5.0/24",
                            "id": "subnet-5776a81e",
                            "map_public_ip_on_launch": "true",
                            "tags.%": "3",
                            "tags.Environment": "cls1",
                            "tags.Name": "private 1",
                            "tags.Project": "hdp1",
                            "vpc_id": "vpc-50479a37"
                        },
                        "meta": {},
                        "tainted": false
                    },
                    "deposed": [],
                    "provider": ""
                },
                "aws_subnet.private_subnets.1": {
                    "type": "aws_subnet",
                    "depends_on": [
                        "aws_vpc.main"
                    ],
                    "primary": {
                        "id": "subnet-d1342b89",
                        "attributes": {
                            "assign_ipv6_address_on_creation": "false",
                            "availability_zone": "eu-west-1c",
                            "cidr_block": "10.0.6.0/24",
                            "id": "subnet-d1342b89",
                            "map_public_ip_on_launch": "true",
                            "tags.%": "3",
                            "tags.Environment": "cls1",
                            "tags.Name": "private 2",
                            "tags.Project": "hdp1",
                            "vpc_id": "vpc-50479a37"
                        },
                        "meta": {},
                        "tainted": false
                    },
                    "deposed": [],
                    "provider": ""
                },
                "aws_subnet.private_subnets.2": {
                    "type": "aws_subnet",
                    "depends_on": [
                        "aws_vpc.main"
                    ],
                    "primary": {
                        "id": "subnet-aaa073cd",
                        "attributes": {
                            "assign_ipv6_address_on_creation": "false",
                            "availability_zone": "eu-west-1a",
                            "cidr_block": "10.0.4.0/24",
                            "id": "subnet-aaa073cd",
                            "map_public_ip_on_launch": "true",
                            "tags.%": "3",
                            "tags.Environment": "cls1",
                            "tags.Name": "private 3",
                            "tags.Project": "hdp1",
                            "vpc_id": "vpc-50479a37"
                        },
                        "meta": {},
                        "tainted": false
                    },
                    "deposed": [],
                    "provider": ""
                },
                "aws_subnet.public_subnets.0": {
                    "type": "aws_subnet",
                    "depends_on": [
                        "aws_vpc.main"
                    ],
                    "primary": {
                        "id": "subnet-837aa4ca",
                        "attributes": {
                            "assign_ipv6_address_on_creation": "false",
                            "availability_zone": "eu-west-1b",
                            "cidr_block": "10.0.2.0/24",
                            "id": "subnet-837aa4ca",
                            "map_public_ip_on_launch": "true",
                            "tags.%": "3",
                            "tags.Environment": "cls1",
                            "tags.Name": "public 1",
                            "tags.Project": "hdp1",
                            "vpc_id": "vpc-50479a37"
                        },
                        "meta": {},
                        "tainted": false
                    },
                    "deposed": [],
                    "provider": ""
                },
                "aws_subnet.public_subnets.1": {
                    "type": "aws_subnet",
                    "depends_on": [
                        "aws_vpc.main"
                    ],
                    "primary": {
                        "id": "subnet-fd332ca5",
                        "attributes": {
                            "assign_ipv6_address_on_creation": "false",
                            "availability_zone": "eu-west-1c",
                            "cidr_block": "10.0.3.0/24",
                            "id": "subnet-fd332ca5",
                            "map_public_ip_on_launch": "true",
                            "tags.%": "3",
                            "tags.Environment": "cls1",
                            "tags.Name": "public 2",
                            "tags.Project": "hdp1",
                            "vpc_id": "vpc-50479a37"
                        },
                        "meta": {},
                        "tainted": false
                    },
                    "deposed": [],
                    "provider": ""
                },
                "aws_subnet.public_subnets.2": {
                    "type": "aws_subnet",
                    "depends_on": [
                        "aws_vpc.main"
                    ],
                    "primary": {
                        "id": "subnet-b3aa79d4",
                        "attributes": {
                            "assign_ipv6_address_on_creation": "false",
                            "availability_zone": "eu-west-1a",
                            "cidr_block": "10.0.1.0/24",
                            "id": "subnet-b3aa79d4",
                            "map_public_ip_on_launch": "true",
                            "tags.%": "3",
                            "tags.Environment": "cls1",
                            "tags.Name": "public 3",
                            "tags.Project": "hdp1",
                            "vpc_id": "vpc-50479a37"
                        },
                        "meta": {},
                        "tainted": false
                    },
                    "deposed": [],
                    "provider": ""
                },
                "aws_vpc.main": {
                    "type": "aws_vpc",
                    "depends_on": [],
                    "primary": {
                        "id": "vpc-50479a37",
                        "attributes": {
                            "assign_generated_ipv6_cidr_block": "false",
                            "cidr_block": "10.0.0.0/16",
                            "default_network_acl_id": "acl-2ebbdb49",
                            "default_route_table_id": "rtb-c47e56a3",
                            "default_security_group_id": "sg-1addc163",
                            "dhcp_options_id": "dopt-27e90e42",
                            "enable_classiclink": "false",
                            "enable_dns_hostnames": "true",
                            "enable_dns_support": "true",
                            "id": "vpc-50479a37",
                            "instance_tenancy": "default",
                            "main_route_table_id": "rtb-c47e56a3",
                            "tags.%": "3",
                            "tags.Environment": "cls1",
                            "tags.Name": "hdp1 VPC",
                            "tags.Project": "hdp1"
                        },
                        "meta": {
                            "schema_version": "1"
                        },
                        "tainted": false
                    },
                    "deposed": [],
                    "provider": ""
                },
                "data.template_file.bootstrap_node_init": {
                    "type": "template_file",
                    "depends_on": [],
                    "primary": {
                        "id": "adb56a52f3c579ca0059b94c59245021807b85fff387e5dd05bd44e572fed614",
                        "attributes": {
                            "id": "adb56a52f3c579ca0059b94c59245021807b85fff387e5dd05bd44e572fed614",
                            "rendered": "#cloud-config\nhostname: 'hdp1-cls1-bootstrap' # Substituted by Terraform\nmanage_etc_hosts: true\n\nruncmd:\n    - '\\sed -i \"/HOSTNAME/s/=\\(.*\\)/=hdp1-cls1-bootstrap/\" /etc/sysconfig/network'\n    - [init, '6']\n",
                            "template": "#cloud-config\nhostname: '${tf_hostname}' # Substituted by Terraform\nmanage_etc_hosts: true\n\nruncmd:\n    - '\\sed -i \"/HOSTNAME/s/=\\(.*\\)/=${tf_hostname}/\" /etc/sysconfig/network'\n    - [init, '6']\n",
                            "vars.%": "1",
                            "vars.tf_hostname": "hdp1-cls1-bootstrap"
                        },
                        "meta": {},
                        "tainted": false
                    },
                    "deposed": [],
                    "provider": ""
                },
                "data.template_file.cluster_node_init.0": {
                    "type": "template_file",
                    "depends_on": [],
                    "primary": {
                        "id": "c4cdc686ee4414d98222d3f22c215a7a4073397a0846f327be0d07525d4e06f3",
                        "attributes": {
                            "id": "c4cdc686ee4414d98222d3f22c215a7a4073397a0846f327be0d07525d4e06f3",
                            "rendered": "#cloud-config\nhostname: 'hdp1-cls1-node0' # Substituted by Terraform\nmanage_etc_hosts: true\n\nruncmd:\n    - '\\sed -i \"/HOSTNAME/s/=\\(.*\\)/=hdp1-cls1-node0/\" /etc/sysconfig/network'\n    - [init, '6']\n",
                            "template": "#cloud-config\nhostname: '${tf_hostname}' # Substituted by Terraform\nmanage_etc_hosts: true\n\nruncmd:\n    - '\\sed -i \"/HOSTNAME/s/=\\(.*\\)/=${tf_hostname}/\" /etc/sysconfig/network'\n    - [init, '6']\n",
                            "vars.%": "1",
                            "vars.tf_hostname": "hdp1-cls1-node0"
                        },
                        "meta": {},
                        "tainted": false
                    },
                    "deposed": [],
                    "provider": ""
                },
                "data.template_file.cluster_node_init.1": {
                    "type": "template_file",
                    "depends_on": [],
                    "primary": {
                        "id": "c0fe681b8f9102d8e9a221d32263af7aa8721638c923de28aa70bd1e8e31e508",
                        "attributes": {
                            "id": "c0fe681b8f9102d8e9a221d32263af7aa8721638c923de28aa70bd1e8e31e508",
                            "rendered": "#cloud-config\nhostname: 'hdp1-cls1-node1' # Substituted by Terraform\nmanage_etc_hosts: true\n\nruncmd:\n    - '\\sed -i \"/HOSTNAME/s/=\\(.*\\)/=hdp1-cls1-node1/\" /etc/sysconfig/network'\n    - [init, '6']\n",
                            "template": "#cloud-config\nhostname: '${tf_hostname}' # Substituted by Terraform\nmanage_etc_hosts: true\n\nruncmd:\n    - '\\sed -i \"/HOSTNAME/s/=\\(.*\\)/=${tf_hostname}/\" /etc/sysconfig/network'\n    - [init, '6']\n",
                            "vars.%": "1",
                            "vars.tf_hostname": "hdp1-cls1-node1"
                        },
                        "meta": {},
                        "tainted": false
                    },
                    "deposed": [],
                    "provider": ""
                },
                "data.template_file.cluster_node_init.2": {
                    "type": "template_file",
                    "depends_on": [],
                    "primary": {
                        "id": "0edb05e46db15a46d512db1ff85e4fd250682d6d42ff5d067e0ccc2a43388a8d",
                        "attributes": {
                            "id": "0edb05e46db15a46d512db1ff85e4fd250682d6d42ff5d067e0ccc2a43388a8d",
                            "rendered": "#cloud-config\nhostname: 'hdp1-cls1-node2' # Substituted by Terraform\nmanage_etc_hosts: true\n\nruncmd:\n    - '\\sed -i \"/HOSTNAME/s/=\\(.*\\)/=hdp1-cls1-node2/\" /etc/sysconfig/network'\n    - [init, '6']\n",
                            "template": "#cloud-config\nhostname: '${tf_hostname}' # Substituted by Terraform\nmanage_etc_hosts: true\n\nruncmd:\n    - '\\sed -i \"/HOSTNAME/s/=\\(.*\\)/=${tf_hostname}/\" /etc/sysconfig/network'\n    - [init, '6']\n",
                            "vars.%": "1",
                            "vars.tf_hostname": "hdp1-cls1-node2"
                        },
                        "meta": {},
                        "tainted": false
                    },
                    "deposed": [],
                    "provider": ""
                },
                "data.template_file.cluster_node_init.3": {
                    "type": "template_file",
                    "depends_on": [],
                    "primary": {
                        "id": "05cf2e8acee3f9720b77b84e61d596aa3c6af8855bc6ada83f9b9753a48de108",
                        "attributes": {
                            "id": "05cf2e8acee3f9720b77b84e61d596aa3c6af8855bc6ada83f9b9753a48de108",
                            "rendered": "#cloud-config\nhostname: 'hdp1-cls1-node3' # Substituted by Terraform\nmanage_etc_hosts: true\n\nruncmd:\n    - '\\sed -i \"/HOSTNAME/s/=\\(.*\\)/=hdp1-cls1-node3/\" /etc/sysconfig/network'\n    - [init, '6']\n",
                            "template": "#cloud-config\nhostname: '${tf_hostname}' # Substituted by Terraform\nmanage_etc_hosts: true\n\nruncmd:\n    - '\\sed -i \"/HOSTNAME/s/=\\(.*\\)/=${tf_hostname}/\" /etc/sysconfig/network'\n    - [init, '6']\n",
                            "vars.%": "1",
                            "vars.tf_hostname": "hdp1-cls1-node3"
                        },
                        "meta": {},
                        "tainted": false
                    },
                    "deposed": [],
                    "provider": ""
                },
                "data.template_file.master_node_init": {
                    "type": "template_file",
                    "depends_on": [],
                    "primary": {
                        "id": "e52389f0d660437233d0080e69f84bc63aa6e2ea1e647e3e29078d983a3e9e57",
                        "attributes": {
                            "id": "e52389f0d660437233d0080e69f84bc63aa6e2ea1e647e3e29078d983a3e9e57",
                            "rendered": "#cloud-config\nhostname: 'hdp1-cls1-master0' # Substituted by Terraform\nmanage_etc_hosts: true\n\nruncmd:\n    - '\\sed -i \"/HOSTNAME/s/=\\(.*\\)/=hdp1-cls1-master0/\" /etc/sysconfig/network'\n    - [init, '6']\n",
                            "template": "#cloud-config\nhostname: '${tf_hostname}' # Substituted by Terraform\nmanage_etc_hosts: true\n\nruncmd:\n    - '\\sed -i \"/HOSTNAME/s/=\\(.*\\)/=${tf_hostname}/\" /etc/sysconfig/network'\n    - [init, '6']\n",
                            "vars.%": "1",
                            "vars.tf_hostname": "hdp1-cls1-master0"
                        },
                        "meta": {},
                        "tainted": false
                    },
                    "deposed": [],
                    "provider": ""
                }
            },
            "depends_on": []
        }
    ]
}
